
Microsoft Visual Studio Solution File, Format Version 12.00
# Visual Studio 14
VisualStudioVersion = 14.0.25420.1
MinimumVisualStudioVersion = 10.0.40219.1
Project("{FAE04EC0-301F-11D3-BF4B-00C04F79EFBC}") = "ImageRX", "ImageRX\ImageRX.csproj", "{3BFC29B7-4897-4C08-9D4E-F1EBA9AD563F}"
EndProject
Project("{2150E333-8FDC-42A3-9474-1A3956D46DE8}") = "PublishScripts", "PublishScripts", "{48BA510F-A82A-4339-9360-E7690828C14C}"
EndProject
Project("{2150E333-8FDC-42A3-9474-1A3956D46DE8}") = "Scripts", "Scripts", "{2356DED5-E0F2-46FE-A2D7-06A4E7A3055E}"
EndProject
Project("{2150E333-8FDC-42A3-9474-1A3956D46DE8}") = "Templates", "Templates", "{3E43BBB5-CC4B-4B24-BD97-21236349BB4C}"
	ProjectSection(SolutionItems) = preProject
		PublishScripts\Templates\ImageRX.json = PublishScripts\Templates\ImageRX.json
		PublishScripts\Templates\ImageRX.param.dev.json = PublishScripts\Templates\ImageRX.param.dev.json
	EndProjectSection
EndProject
Global
	GlobalSection(SolutionConfigurationPlatforms) = preSolution
		Debug|Any CPU = Debug|Any CPU
		Release|Any CPU = Release|Any CPU
	EndGlobalSection
	GlobalSection(ProjectConfigurationPlatforms) = postSolution
		{3BFC29B7-4897-4C08-9D4E-F1EBA9AD563F}.Debug|Any CPU.ActiveCfg = Debug|Any CPU
		{3BFC29B7-4897-4C08-9D4E-F1EBA9AD563F}.Debug|Any CPU.Build.0 = Debug|Any CPU
		{3BFC29B7-4897-4C08-9D4E-F1EBA9AD563F}.Release|Any CPU.ActiveCfg = Release|Any CPU
		{3BFC29B7-4897-4C08-9D4E-F1EBA9AD563F}.Release|Any CPU.Build.0 = Release|Any CPU
	EndGlobalSection
	GlobalSection(SolutionProperties) = preSolution
		HideSolutionNode = FALSE
	EndGlobalSection
	GlobalSection(NestedProjects) = preSolution
		{2356DED5-E0F2-46FE-A2D7-06A4E7A3055E} = {48BA510F-A82A-4339-9360-E7690828C14C}
		{3E43BBB5-CC4B-4B24-BD97-21236349BB4C} = {48BA510F-A82A-4339-9360-E7690828C14C}
	EndGlobalSection
EndGlobal
